Microsoft Visual Studio Solution File, Format Version 12.00
# Visual Studio Version 17
VisualStudioVersion = 17.5.2.0
MinimumVisualStudioVersion = 10.0.40219.1
Project("{FAE04EC0-301F-11D3-BF4B-00C04F79EFBC}") = "InjectingFunctions", "InjectingFunctions.csproj", "{1372A52D-4EC9-9129-B3ED-C98B67399B7F}"
EndProject
Global
	GlobalSection(SolutionConfigurationPlatforms) = preSolution
		Debug|Any CPU = Debug|Any CPU
		Release|Any CPU = Release|Any CPU
	EndGlobalSection
	GlobalSection(ProjectConfigurationPlatforms) = postSolution
		{1372A52D-4EC9-9129-B3ED-C98B67399B7F}.Debug|Any CPU.ActiveCfg = Debug|Any CPU
		{1372A52D-4EC9-9129-B3ED-C98B67399B7F}.Debug|Any CPU.Build.0 = Debug|Any CPU
		{1372A52D-4EC9-9129-B3ED-C98B67399B7F}.Release|Any CPU.ActiveCfg = Release|Any CPU
		{1372A52D-4EC9-9129-B3ED-C98B67399B7F}.Release|Any CPU.Build.0 = Release|Any CPU
	EndGlobalSection
	GlobalSection(SolutionProperties) = preSolution
		HideSolutionNode = FALSE
	EndGlobalSection
	GlobalSection(ExtensibilityGlobals) = postSolution
		SolutionGuid = {E4EA0D3B-6660-4E74-B04D-FA3954C0C493}
	EndGlobalSection
EndGlobal
